
Microsoft Visual Studio Solution File, Format Version 12.00
# Visual Studio Version 17
VisualStudioVersion = 17.0.31903.59
MinimumVisualStudioVersion = 10.0.40219.1
Project("{9A19103F-16F7-4668-BE54-9A1E7A4F7556}") = "Ofta.Api", "src\Ofta.Api\Ofta.Api.csproj", "{E6A61B9E-E614-40BB-8CC8-34D2A80F4D66}"
EndProject
Project("{9A19103F-16F7-4668-BE54-9A1E7A4F7556}") = "Ofta.Application", "src\Ofta.Application\Ofta.Application.csproj", "{A534D877-DD2F-4A77-968D-3572C46F325A}"
EndProject
Project("{9A19103F-16F7-4668-BE54-9A1E7A4F7556}") = "Ofta.Domain", "src\Ofta.Domain\Ofta.Domain.csproj", "{E19D42C7-C056-40A5-9092-3EDE751C4CE6}"
EndProject
Project("{9A19103F-16F7-4668-BE54-9A1E7A4F7556}") = "Ofta.Infrastructure", "src\Ofta.Infrastructure\Ofta.Infrastructure.csproj", "{61A2BC01-EA54-47ED-BBAE-995F1EF2B55E}"
EndProject
Project("{9A19103F-16F7-4668-BE54-9A1E7A4F7556}") = "Ofta.Test", "tests\Ofta.Test\Ofta.Test.csproj", "{E67A40EE-C833-4F88-AE56-36652639C21F}"
EndProject
Project("{00D1A9C2-B5F0-4AF3-8072-F6C62B433612}") = "Ofta.Sql", "src\Ofta.Sql\Ofta.Sql.sqlproj", "{3F5ADFD3-86F4-48E2-B9FE-DC2880B2186D}"
EndProject
Project("{2150E333-8FDC-42A3-9474-1A3956D46DE8}") = "Solution Items", "Solution Items", "{198325E6-1089-4776-BD40-EAA9B8BB0979}"
	ProjectSection(SolutionItems) = preProject
		.editorconfig = .editorconfig
	EndProjectSection
EndProject
Project("{2150E333-8FDC-42A3-9474-1A3956D46DE8}") = "src", "src", "{0156FF50-262A-4904-A63B-B12C22E25C27}"
EndProject
Project("{2150E333-8FDC-42A3-9474-1A3956D46DE8}") = "tests", "tests", "{D4951C4E-9DD1-4D5F-AEB0-15889354D2C9}"
EndProject
Project("{2150E333-8FDC-42A3-9474-1A3956D46DE8}") = "docs", "docs", "{1EA00916-675A-4299-8675-0ADA478B01B5}"
	ProjectSection(SolutionItems) = preProject
		docs\agg-1-doctype.mmd = docs\agg-1-doctype.mmd
		docs\agg-2-doc-model.mmd = docs\agg-2-doc-model.mmd
		docs\readme.md = docs\readme.md
		docs\agg-2-doc-use-case-creation.mmd = docs\agg-2-doc-use-case-creation.mmd
		docs\scene-1-req-form-other-app.mmd = docs\scene-1-req-form-other-app.mmd
		docs\scene-2-req-by-template-surat.mmd = docs\scene-2-req-by-template-surat.mmd
		docs\scene-3-req-from-unregistered-user.mmd = docs\scene-3-req-from-unregistered-user.mmd
		docs\scene-4-bundling-document.mmd = docs\scene-4-bundling-document.mmd
	EndProjectSection
EndProject
Global
	GlobalSection(SolutionConfigurationPlatforms) = preSolution
		Debug|Any CPU = Debug|Any CPU
		Release|Any CPU = Release|Any CPU
	EndGlobalSection
	GlobalSection(ProjectConfigurationPlatforms) = postSolution
		{E6A61B9E-E614-40BB-8CC8-34D2A80F4D66}.Debug|Any CPU.ActiveCfg = Debug|Any CPU
		{E6A61B9E-E614-40BB-8CC8-34D2A80F4D66}.Debug|Any CPU.Build.0 = Debug|Any CPU
		{E6A61B9E-E614-40BB-8CC8-34D2A80F4D66}.Release|Any CPU.ActiveCfg = Release|Any CPU
		{E6A61B9E-E614-40BB-8CC8-34D2A80F4D66}.Release|Any CPU.Build.0 = Release|Any CPU
		{A534D877-DD2F-4A77-968D-3572C46F325A}.Debug|Any CPU.ActiveCfg = Debug|Any CPU
		{A534D877-DD2F-4A77-968D-3572C46F325A}.Debug|Any CPU.Build.0 = Debug|Any CPU
		{A534D877-DD2F-4A77-968D-3572C46F325A}.Release|Any CPU.ActiveCfg = Release|Any CPU
		{A534D877-DD2F-4A77-968D-3572C46F325A}.Release|Any CPU.Build.0 = Release|Any CPU
		{E19D42C7-C056-40A5-9092-3EDE751C4CE6}.Debug|Any CPU.ActiveCfg = Debug|Any CPU
		{E19D42C7-C056-40A5-9092-3EDE751C4CE6}.Debug|Any CPU.Build.0 = Debug|Any CPU
		{E19D42C7-C056-40A5-9092-3EDE751C4CE6}.Release|Any CPU.ActiveCfg = Release|Any CPU
		{E19D42C7-C056-40A5-9092-3EDE751C4CE6}.Release|Any CPU.Build.0 = Release|Any CPU
		{61A2BC01-EA54-47ED-BBAE-995F1EF2B55E}.Debug|Any CPU.ActiveCfg = Debug|Any CPU
		{61A2BC01-EA54-47ED-BBAE-995F1EF2B55E}.Debug|Any CPU.Build.0 = Debug|Any CPU
		{61A2BC01-EA54-47ED-BBAE-995F1EF2B55E}.Release|Any CPU.ActiveCfg = Release|Any CPU
		{61A2BC01-EA54-47ED-BBAE-995F1EF2B55E}.Release|Any CPU.Build.0 = Release|Any CPU
		{E67A40EE-C833-4F88-AE56-36652639C21F}.Debug|Any CPU.ActiveCfg = Debug|Any CPU
		{E67A40EE-C833-4F88-AE56-36652639C21F}.Debug|Any CPU.Build.0 = Debug|Any CPU
		{E67A40EE-C833-4F88-AE56-36652639C21F}.Release|Any CPU.ActiveCfg = Release|Any CPU
		{E67A40EE-C833-4F88-AE56-36652639C21F}.Release|Any CPU.Build.0 = Release|Any CPU
		{3F5ADFD3-86F4-48E2-B9FE-DC2880B2186D}.Debug|Any CPU.ActiveCfg = Debug|Any CPU
		{3F5ADFD3-86F4-48E2-B9FE-DC2880B2186D}.Debug|Any CPU.Build.0 = Debug|Any CPU
		{3F5ADFD3-86F4-48E2-B9FE-DC2880B2186D}.Debug|Any CPU.Deploy.0 = Debug|Any CPU
		{3F5ADFD3-86F4-48E2-B9FE-DC2880B2186D}.Release|Any CPU.ActiveCfg = Release|Any CPU
		{3F5ADFD3-86F4-48E2-B9FE-DC2880B2186D}.Release|Any CPU.Build.0 = Release|Any CPU
		{3F5ADFD3-86F4-48E2-B9FE-DC2880B2186D}.Release|Any CPU.Deploy.0 = Release|Any CPU
	EndGlobalSection
	GlobalSection(SolutionProperties) = preSolution
		HideSolutionNode = FALSE
	EndGlobalSection
	GlobalSection(NestedProjects) = preSolution
		{E6A61B9E-E614-40BB-8CC8-34D2A80F4D66} = {0156FF50-262A-4904-A63B-B12C22E25C27}
		{A534D877-DD2F-4A77-968D-3572C46F325A} = {0156FF50-262A-4904-A63B-B12C22E25C27}
		{E19D42C7-C056-40A5-9092-3EDE751C4CE6} = {0156FF50-262A-4904-A63B-B12C22E25C27}
		{61A2BC01-EA54-47ED-BBAE-995F1EF2B55E} = {0156FF50-262A-4904-A63B-B12C22E25C27}
		{E67A40EE-C833-4F88-AE56-36652639C21F} = {D4951C4E-9DD1-4D5F-AEB0-15889354D2C9}
		{3F5ADFD3-86F4-48E2-B9FE-DC2880B2186D} = {0156FF50-262A-4904-A63B-B12C22E25C27}
	EndGlobalSection
	GlobalSection(ExtensibilityGlobals) = postSolution
		SolutionGuid = {C8BB6066-6D63-4184-8D21-8D0F9B30FF90}
	EndGlobalSection
EndGlobal
